// !$*UTF8*$!
{
	archiveVersion = 1;
	classes = {
	};
	objectVersion = 56;
	objects = {

/* Begin PBXBuildFile section */
		9A7FB98E2BBB2618009F048D /* ColorListView.swift in Sources */ = {isa = PBXBuildFile; fileRef = 9A7FB98D2BBB2618009F048D /* ColorListView.swift */; };
		9A7FB9952BBB2795009F048D /* Constants.swift in Sources */ = {isa = PBXBuildFile; fileRef = 9A7FB9942BBB2795009F048D /* Constants.swift */; };
		9A7FB99A2BBB42BB009F048D /* NSColorTransformer.swift in Sources */ = {isa = PBXBuildFile; fileRef = 9A7FB9992BBB42BB009F048D /* NSColorTransformer.swift */; };
		9A7FB99D2BBB4C72009F048D /* MyListsViewModel.swift in Sources */ = {isa = PBXBuildFile; fileRef = 9A7FB99C2BBB4C72009F048D /* MyListsViewModel.swift */; };
		9A7FB99F2BBB5056009F048D /* MyListViewModel.swift in Sources */ = {isa = PBXBuildFile; fileRef = 9A7FB99E2BBB5056009F048D /* MyListViewModel.swift */; };
		9A7FB9A42BBB55DD009F048D /* MyListsView.swift in Sources */ = {isa = PBXBuildFile; fileRef = 9A7FB9A32BBB55DD009F048D /* MyListsView.swift */; };
		9A7FB9A62BBC1CEA009F048D /* MyListItemsHeaderView.swift in Sources */ = {isa = PBXBuildFile; fileRef = 9A7FB9A52BBC1CEA009F048D /* MyListItemsHeaderView.swift */; };
		9A7FB9A92BBC1E3C009F048D /* MyListItemsView.swift in Sources */ = {isa = PBXBuildFile; fileRef = 9A7FB9A82BBC1E3C009F048D /* MyListItemsView.swift */; };
		9A7FB9AB2BBC1FA5009F048D /* MyListItemViewModel.swift in Sources */ = {isa = PBXBuildFile; fileRef = 9A7FB9AA2BBC1FA5009F048D /* MyListItemViewModel.swift */; };
		9A7FB9AD2BBC202F009F048D /* DueDate.swift in Sources */ = {isa = PBXBuildFile; fileRef = 9A7FB9AC2BBC202F009F048D /* DueDate.swift */; };
		9A7FB9B02BBC2083009F048D /* Date+Extensions.swift in Sources */ = {isa = PBXBuildFile; fileRef = 9A7FB9AF2BBC2083009F048D /* Date+Extensions.swift */; };
		9A7FB9B22BBC2603009F048D /* AddNewListItemView.swift in Sources */ = {isa = PBXBuildFile; fileRef = 9A7FB9B12BBC2603009F048D /* AddNewListItemView.swift */; };
		9A7FB9B42BBC26E5009F048D /* DueDateSelectionView.swift in Sources */ = {isa = PBXBuildFile; fileRef = 9A7FB9B32BBC26E5009F048D /* DueDateSelectionView.swift */; };
		9AE21C202B8254BA00D9CE46 /* Assets.xcassets in Resources */ = {isa = PBXBuildFile; fileRef = 9AE21C1F2B8254BA00D9CE46 /* Assets.xcassets */; };
		9AE21C232B8254BA00D9CE46 /* Preview Assets.xcassets in Resources */ = {isa = PBXBuildFile; fileRef = 9AE21C222B8254BA00D9CE46 /* Preview Assets.xcassets */; };
		9AE21C2C2B82552400D9CE46 /* HomeScreen.swift in Sources */ = {isa = PBXBuildFile; fileRef = 9AE21C2B2B82552400D9CE46 /* HomeScreen.swift */; };
		9AE21C2F2B82594700D9CE46 /* SideBarView.swift in Sources */ = {isa = PBXBuildFile; fileRef = 9AE21C2E2B82594700D9CE46 /* SideBarView.swift */; };
		9AE21C322B825B1000D9CE46 /* RemindersModel.xcdatamodeld in Sources */ = {isa = PBXBuildFile; fileRef = 9AE21C302B825B1000D9CE46 /* RemindersModel.xcdatamodeld */; };
		9AE21C352B825CCD00D9CE46 /* MyList.swift in Sources */ = {isa = PBXBuildFile; fileRef = 9AE21C342B825CCD00D9CE46 /* MyList.swift */; };
		9AE21C382B8260F400D9CE46 /* DataSource.swift in Sources */ = {isa = PBXBuildFile; fileRef = 9AE21C372B8260F400D9CE46 /* DataSource.swift */; };
		9AE21C3A2B82688000D9CE46 /* RemindersApp.swift in Sources */ = {isa = PBXBuildFile; fileRef = 9AE21C392B82688000D9CE46 /* RemindersApp.swift */; };
		9AE21C3D2B826A6800D9CE46 /* AddNewListViewModel.swift in Sources */ = {isa = PBXBuildFile; fileRef = 9AE21C3C2B826A6800D9CE46 /* AddNewListViewModel.swift */; };
		9AE21C3F2B826ED400D9CE46 /* BaseModel.swift in Sources */ = {isa = PBXBuildFile; fileRef = 9AE21C3E2B826ED400D9CE46 /* BaseModel.swift */; };
		9AE21C422B82711000D9CE46 /* AddNewListView.swift in Sources */ = {isa = PBXBuildFile; fileRef = 9AE21C412B82711000D9CE46 /* AddNewListView.swift */; };
/* End PBXBuildFile section */

/* Begin PBXFileReference section */
		9A7FB98D2BBB2618009F048D /* ColorListView.swift */ = {isa = PBXFileReference; lastKnownFileType = sourcecode.swift; path = ColorListView.swift; sourceTree = "<group>"; };
		9A7FB9942BBB2795009F048D /* Constants.swift */ = {isa = PBXFileReference; lastKnownFileType = sourcecode.swift; path = Constants.swift; sourceTree = "<group>"; };
		9A7FB9992BBB42BB009F048D /* NSColorTransformer.swift */ = {isa = PBXFileReference; lastKnownFileType = sourcecode.swift; path = NSColorTransformer.swift; sourceTree = "<group>"; };
		9A7FB99C2BBB4C72009F048D /* MyListsViewModel.swift */ = {isa = PBXFileReference; lastKnownFileType = sourcecode.swift; path = MyListsViewModel.swift; sourceTree = "<group>"; };
		9A7FB99E2BBB5056009F048D /* MyListViewModel.swift */ = {isa = PBXFileReference; lastKnownFileType = sourcecode.swift; path = MyListViewModel.swift; sourceTree = "<group>"; };
		9A7FB9A32BBB55DD009F048D /* MyListsView.swift */ = {isa = PBXFileReference; lastKnownFileType = sourcecode.swift; path = MyListsView.swift; sourceTree = "<group>"; };
		9A7FB9A52BBC1CEA009F048D /* MyListItemsHeaderView.swift */ = {isa = PBXFileReference; lastKnownFileType = sourcecode.swift; path = MyListItemsHeaderView.swift; sourceTree = "<group>"; };
		9A7FB9A82BBC1E3C009F048D /* MyListItemsView.swift */ = {isa = PBXFileReference; lastKnownFileType = sourcecode.swift; path = MyListItemsView.swift; sourceTree = "<group>"; };
		9A7FB9AA2BBC1FA5009F048D /* MyListItemViewModel.swift */ = {isa = PBXFileReference; lastKnownFileType = sourcecode.swift; path = MyListItemViewModel.swift; sourceTree = "<group>"; };
		9A7FB9AC2BBC202F009F048D /* DueDate.swift */ = {isa = PBXFileReference; lastKnownFileType = sourcecode.swift; path = DueDate.swift; sourceTree = "<group>"; };
		9A7FB9AF2BBC2083009F048D /* Date+Extensions.swift */ = {isa = PBXFileReference; lastKnownFileType = sourcecode.swift; path = "Date+Extensions.swift"; sourceTree = "<group>"; };
		9A7FB9B12BBC2603009F048D /* AddNewListItemView.swift */ = {isa = PBXFileReference; lastKnownFileType = sourcecode.swift; path = AddNewListItemView.swift; sourceTree = "<group>"; };
		9A7FB9B32BBC26E5009F048D /* DueDateSelectionView.swift */ = {isa = PBXFileReference; lastKnownFileType = sourcecode.swift; path = DueDateSelectionView.swift; sourceTree = "<group>"; };
		9AE21C182B8254B900D9CE46 /* Reminders.app */ = {isa = PBXFileReference; explicitFileType = wrapper.application; includeInIndex = 0; path = Reminders.app; sourceTree = BUILT_PRODUCTS_DIR; };
		9AE21C1F2B8254BA00D9CE46 /* Assets.xcassets */ = {isa = PBXFileReference; lastKnownFileType = folder.assetcatalog; path = Assets.xcassets; sourceTree = "<group>"; };
		9AE21C222B8254BA00D9CE46 /* Preview Assets.xcassets */ = {isa = PBXFileReference; lastKnownFileType = folder.assetcatalog; path = "Preview Assets.xcassets"; sourceTree = "<group>"; };
		9AE21C242B8254BA00D9CE46 /* Reminders.entitlements */ = {isa = PBXFileReference; lastKnownFileType = text.plist.entitlements; path = Reminders.entitlements; sourceTree = "<group>"; };
		9AE21C2B2B82552400D9CE46 /* HomeScreen.swift */ = {isa = PBXFileReference; lastKnownFileType = sourcecode.swift; path = HomeScreen.swift; sourceTree = "<group>"; };
		9AE21C2E2B82594700D9CE46 /* SideBarView.swift */ = {isa = PBXFileReference; lastKnownFileType = sourcecode.swift; path = SideBarView.swift; sourceTree = "<group>"; };
		9AE21C312B825B1000D9CE46 /* RemindersModel.xcdatamodel */ = {isa = PBXFileReference; lastKnownFileType = wrapper.xcdatamodel; path = RemindersModel.xcdatamodel; sourceTree = "<group>"; };
		9AE21C342B825CCD00D9CE46 /* MyList.swift */ = {isa = PBXFileReference; lastKnownFileType = sourcecode.swift; path = MyList.swift; sourceTree = "<group>"; };
		9AE21C372B8260F400D9CE46 /* DataSource.swift */ = {isa = PBXFileReference; lastKnownFileType = sourcecode.swift; path = DataSource.swift; sourceTree = "<group>"; };
		9AE21C392B82688000D9CE46 /* RemindersApp.swift */ = {isa = PBXFileReference; fileEncoding = 4; lastKnownFileType = sourcecode.swift; path = RemindersApp.swift; sourceTree = "<group>"; };
		9AE21C3C2B826A6800D9CE46 /* AddNewListViewModel.swift */ = {isa = PBXFileReference; lastKnownFileType = sourcecode.swift; path = AddNewListViewModel.swift; sourceTree = "<group>"; };
		9AE21C3E2B826ED400D9CE46 /* BaseModel.swift */ = {isa = PBXFileReference; lastKnownFileType = sourcecode.swift; path = BaseModel.swift; sourceTree = "<group>"; };
		9AE21C412B82711000D9CE46 /* AddNewListView.swift */ = {isa = PBXFileReference; lastKnownFileType = sourcecode.swift; path = AddNewListView.swift; sourceTree = "<group>"; };
/* End PBXFileReference section */

/* Begin PBXFrameworksBuildPhase section */
		9AE21C152B8254B900D9CE46 /* Frameworks */ = {
			isa = PBXFrameworksBuildPhase;
			buildActionMask = 2147483647;
			files = (
			);
			runOnlyForDeploymentPostprocessing = 0;
		};
/* End PBXFrameworksBuildPhase section */

/* Begin PBXGroup section */
		9A7FB98F2BBB2720009F048D /* Helpers */ = {
			isa = PBXGroup;
			children = (
				9A7FB9942BBB2795009F048D /* Constants.swift */,
			);
			path = Helpers;
			sourceTree = "<group>";
		};
		9A7FB9902BBB2729009F048D /* Screens */ = {
			isa = PBXGroup;
			children = (
				9A7FB9932BBB2772009F048D /* Home */,
				9A7FB99B2BBB4C66009F048D /* MyLists */,
				9A7FB9A02BBB5113009F048D /* MyListItems */,
				9A7FB9912BBB273B009F048D /* AddNewList */,
			);
			name = Screens;
			path = Helpers/Screens;
			sourceTree = "<group>";
		};
		9A7FB9912BBB273B009F048D /* AddNewList */ = {
			isa = PBXGroup;
			children = (
				9AE21C3C2B826A6800D9CE46 /* AddNewListViewModel.swift */,
				9A7FB9922BBB2766009F048D /* Views */,
			);
			path = AddNewList;
			sourceTree = "<group>";
		};
		9A7FB9922BBB2766009F048D /* Views */ = {
			isa = PBXGroup;
			children = (
				9AE21C412B82711000D9CE46 /* AddNewListView.swift */,
				9A7FB98D2BBB2618009F048D /* ColorListView.swift */,
			);
			path = Views;
			sourceTree = "<group>";
		};
		9A7FB9932BBB2772009F048D /* Home */ = {
			isa = PBXGroup;
			children = (
				9AE21C2B2B82552400D9CE46 /* HomeScreen.swift */,
				9AE21C2E2B82594700D9CE46 /* SideBarView.swift */,
			);
			path = Home;
			sourceTree = "<group>";
		};
		9A7FB9962BBB3FB5009F048D /* Resources */ = {
			isa = PBXGroup;
			children = (
				9AE21C212B8254BA00D9CE46 /* Preview Content */,
				9AE21C1F2B8254BA00D9CE46 /* Assets.xcassets */,
			);
			path = Resources;
			sourceTree = "<group>";
		};
		9A7FB9972BBB4285009F048D /* DataSource */ = {
			isa = PBXGroup;
			children = (
				9A7FB9982BBB4295009F048D /* Transformers */,
				9AE21C372B8260F400D9CE46 /* DataSource.swift */,
				9AE21C302B825B1000D9CE46 /* RemindersModel.xcdatamodeld */,
			);
			path = DataSource;
			sourceTree = "<group>";
		};
		9A7FB9982BBB4295009F048D /* Transformers */ = {
			isa = PBXGroup;
			children = (
				9A7FB9992BBB42BB009F048D /* NSColorTransformer.swift */,
			);
			path = Transformers;
			sourceTree = "<group>";
		};
		9A7FB99B2BBB4C66009F048D /* MyLists */ = {
			isa = PBXGroup;
			children = (
				9AE21C332B825CB200D9CE46 /* Models */,
				9A7FB99C2BBB4C72009F048D /* MyListsViewModel.swift */,
				9A7FB99E2BBB5056009F048D /* MyListViewModel.swift */,
				9A7FB9A32BBB55DD009F048D /* MyListsView.swift */,
			);
			path = MyLists;
			sourceTree = "<group>";
		};
		9A7FB9A02BBB5113009F048D /* MyListItems */ = {
			isa = PBXGroup;
			children = (
				9A7FB9A72BBC1E26009F048D /* Views */,
				9A7FB9AA2BBC1FA5009F048D /* MyListItemViewModel.swift */,
			);
			path = MyListItems;
			sourceTree = "<group>";
		};
		9A7FB9A72BBC1E26009F048D /* Views */ = {
			isa = PBXGroup;
			children = (
				9A7FB9A52BBC1CEA009F048D /* MyListItemsHeaderView.swift */,
				9A7FB9A82BBC1E3C009F048D /* MyListItemsView.swift */,
				9A7FB9B12BBC2603009F048D /* AddNewListItemView.swift */,
				9A7FB9B32BBC26E5009F048D /* DueDateSelectionView.swift */,
			);
			path = Views;
			sourceTree = "<group>";
		};
		9A7FB9AE2BBC204E009F048D /* Extensions */ = {
			isa = PBXGroup;
			children = (
				9A7FB9AF2BBC2083009F048D /* Date+Extensions.swift */,
			);
			path = Extensions;
			sourceTree = "<group>";
		};
		9AE21C0F2B8254B900D9CE46 = {
			isa = PBXGroup;
			children = (
				9AE21C1A2B8254B900D9CE46 /* Reminders */,
				9AE21C192B8254B900D9CE46 /* Products */,
			);
			sourceTree = "<group>";
		};
		9AE21C192B8254B900D9CE46 /* Products */ = {
			isa = PBXGroup;
			children = (
				9AE21C182B8254B900D9CE46 /* Reminders.app */,
			);
			name = Products;
			sourceTree = "<group>";
		};
		9AE21C1A2B8254B900D9CE46 /* Reminders */ = {
			isa = PBXGroup;
			children = (
				9AE21C392B82688000D9CE46 /* RemindersApp.swift */,
				9AE21C242B8254BA00D9CE46 /* Reminders.entitlements */,
				9A7FB9962BBB3FB5009F048D /* Resources */,
				9A7FB98F2BBB2720009F048D /* Helpers */,
				9A7FB9AE2BBC204E009F048D /* Extensions */,
				9AE21C362B8260BD00D9CE46 /* Services */,
				9A7FB9902BBB2729009F048D /* Screens */,
			);
			path = Reminders;
			sourceTree = "<group>";
		};
		9AE21C212B8254BA00D9CE46 /* Preview Content */ = {
			isa = PBXGroup;
			children = (
				9AE21C222B8254BA00D9CE46 /* Preview Assets.xcassets */,
			);
			path = "Preview Content";
			sourceTree = "<group>";
		};
		9AE21C332B825CB200D9CE46 /* Models */ = {
			isa = PBXGroup;
			children = (
				9AE21C342B825CCD00D9CE46 /* MyList.swift */,
				9AE21C3E2B826ED400D9CE46 /* BaseModel.swift */,
				9A7FB9AC2BBC202F009F048D /* DueDate.swift */,
			);
			path = Models;
			sourceTree = "<group>";
		};
		9AE21C362B8260BD00D9CE46 /* Services */ = {
			isa = PBXGroup;
			children = (
				9A7FB9972BBB4285009F048D /* DataSource */,
			);
			path = Services;
			sourceTree = "<group>";
		};
/* End PBXGroup section */

/* Begin PBXNativeTarget section */
		9AE21C172B8254B900D9CE46 /* Reminders */ = {
			isa = PBXNativeTarget;
			buildConfigurationList = 9AE21C272B8254BA00D9CE46 /* Build configuration list for PBXNativeTarget "Reminders" */;
			buildPhases = (
				9AE21C142B8254B900D9CE46 /* Sources */,
				9AE21C152B8254B900D9CE46 /* Frameworks */,
				9AE21C162B8254B900D9CE46 /* Resources */,
			);
			buildRules = (
			);
			dependencies = (
			);
			name = Reminders;
			productName = Reminders;
			productReference = 9AE21C182B8254B900D9CE46 /* Reminders.app */;
			productType = "com.apple.product-type.application";
		};
/* End PBXNativeTarget section */

/* Begin PBXProject section */
		9AE21C102B8254B900D9CE46 /* Project object */ = {
			isa = PBXProject;
			attributes = {
				BuildIndependentTargetsInParallel = 1;
				LastSwiftUpdateCheck = 1430;
				LastUpgradeCheck = 1430;
				TargetAttributes = {
					9AE21C172B8254B900D9CE46 = {
						CreatedOnToolsVersion = 14.3.1;
					};
				};
			};
			buildConfigurationList = 9AE21C132B8254B900D9CE46 /* Build configuration list for PBXProject "Reminders" */;
			compatibilityVersion = "Xcode 14.0";
			developmentRegion = en;
			hasScannedForEncodings = 0;
			knownRegions = (
				en,
				Base,
			);
			mainGroup = 9AE21C0F2B8254B900D9CE46;
			productRefGroup = 9AE21C192B8254B900D9CE46 /* Products */;
			projectDirPath = "";
			projectRoot = "";
			targets = (
				9AE21C172B8254B900D9CE46 /* Reminders */,
			);
		};
/* End PBXProject section */

/* Begin PBXResourcesBuildPhase section */
		9AE21C162B8254B900D9CE46 /* Resources */ = {
			isa = PBXResourcesBuildPhase;
			buildActionMask = 2147483647;
			files = (
				9AE21C232B8254BA00D9CE46 /* Preview Assets.xcassets in Resources */,
				9AE21C202B8254BA00D9CE46 /* Assets.xcassets in Resources */,
			);
			runOnlyForDeploymentPostprocessing = 0;
		};
/* End PBXResourcesBuildPhase section */

/* Begin PBXSourcesBuildPhase section */
		9AE21C142B8254B900D9CE46 /* Sources */ = {
			isa = PBXSourcesBuildPhase;
			buildActionMask = 2147483647;
			files = (
				9A7FB9A92BBC1E3C009F048D /* MyListItemsView.swift in Sources */,
				9AE21C382B8260F400D9CE46 /* DataSource.swift in Sources */,
				9A7FB9952BBB2795009F048D /* Constants.swift in Sources */,
				9A7FB99F2BBB5056009F048D /* MyListViewModel.swift in Sources */,
				9AE21C3D2B826A6800D9CE46 /* AddNewListViewModel.swift in Sources */,
				9AE21C2F2B82594700D9CE46 /* SideBarView.swift in Sources */,
				9A7FB9AB2BBC1FA5009F048D /* MyListItemViewModel.swift in Sources */,
				9AE21C422B82711000D9CE46 /* AddNewListView.swift in Sources */,
				9A7FB9B42BBC26E5009F048D /* DueDateSelectionView.swift in Sources */,
				9A7FB98E2BBB2618009F048D /* ColorListView.swift in Sources */,
				9AE21C322B825B1000D9CE46 /* RemindersModel.xcdatamodeld in Sources */,
				9A7FB99D2BBB4C72009F048D /* MyListsViewModel.swift in Sources */,
				9AE21C352B825CCD00D9CE46 /* MyList.swift in Sources */,
				9A7FB9B22BBC2603009F048D /* AddNewListItemView.swift in Sources */,
				9AE21C2C2B82552400D9CE46 /* HomeScreen.swift in Sources */,
				9A7FB9B02BBC2083009F048D /* Date+Extensions.swift in Sources */,
				9A7FB9AD2BBC202F009F048D /* DueDate.swift in Sources */,
				9A7FB9A42BBB55DD009F048D /* MyListsView.swift in Sources */,
				9AE21C3F2B826ED400D9CE46 /* BaseModel.swift in Sources */,
				9A7FB99A2BBB42BB009F048D /* NSColorTransformer.swift in Sources */,
				9A7FB9A62BBC1CEA009F048D /* MyListItemsHeaderView.swift in Sources */,
				9AE21C3A2B82688000D9CE46 /* RemindersApp.swift in Sources */,
			);
			runOnlyForDeploymentPostprocessing = 0;
		};
/* End PBXSourcesBuildPhase section */

/* Begin XCBuildConfiguration section */
		9AE21C252B8254BA00D9CE46 /* Debug */ = {
			isa = XCBuildConfiguration;
			buildSettings = {
				ALWAYS_SEARCH_USER_PATHS = NO;
				CLANG_ANALYZER_NONNULL = YES;
				CLANG_ANALYZER_NUMBER_OBJECT_CONVERSION = YES_AGGRESSIVE;
				CLANG_CXX_LANGUAGE_STANDARD = "gnu++20";
				CLANG_ENABLE_MODULES = YES;
				CLANG_ENABLE_OBJC_ARC = YES;
				CLANG_ENABLE_OBJC_WEAK = YES;
				CLANG_WARN_BLOCK_CAPTURE_AUTORELEASING = YES;
				CLANG_WARN_BOOL_CONVERSION = YES;
				CLANG_WARN_COMMA = YES;
				CLANG_WARN_CONSTANT_CONVERSION = YES;
				CLANG_WARN_DEPRECATED_OBJC_IMPLEMENTATIONS = YES;
				CLANG_WARN_DIRECT_OBJC_ISA_USAGE = YES_ERROR;
				CLANG_WARN_DOCUMENTATION_COMMENTS = YES;
				CLANG_WARN_EMPTY_BODY = YES;
				CLANG_WARN_ENUM_CONVERSION = YES;
				CLANG_WARN_INFINITE_RECURSION = YES;
				CLANG_WARN_INT_CONVERSION = YES;
				CLANG_WARN_NON_LITERAL_NULL_CONVERSION = YES;
				CLANG_WARN_OBJC_IMPLICIT_RETAIN_SELF = YES;
				CLANG_WARN_OBJC_LITERAL_CONVERSION = YES;
				CLANG_WARN_OBJC_ROOT_CLASS = YES_ERROR;
				CLANG_WARN_QUOTED_INCLUDE_IN_FRAMEWORK_HEADER = YES;
				CLANG_WARN_RANGE_LOOP_ANALYSIS = YES;
				CLANG_WARN_STRICT_PROTOTYPES = YES;
				CLANG_WARN_SUSPICIOUS_MOVE = YES;
				CLANG_WARN_UNGUARDED_AVAILABILITY = YES_AGGRESSIVE;
				CLANG_WARN_UNREACHABLE_CODE = YES;
				CLANG_WARN__DUPLICATE_METHOD_MATCH = YES;
				COPY_PHASE_STRIP = NO;
				DEBUG_INFORMATION_FORMAT = dwarf;
				ENABLE_STRICT_OBJC_MSGSEND = YES;
				ENABLE_TESTABILITY = YES;
				GCC_C_LANGUAGE_STANDARD = gnu11;
				GCC_DYNAMIC_NO_PIC = NO;
				GCC_NO_COMMON_BLOCKS = YES;
				GCC_OPTIMIZATION_LEVEL = 0;
				GCC_PREPROCESSOR_DEFINITIONS = (
					"DEBUG=1",
					"$(inherited)",
				);
				GCC_WARN_64_TO_32_BIT_CONVERSION = YES;
				GCC_WARN_ABOUT_RETURN_TYPE = YES_ERROR;
				GCC_WARN_UNDECLARED_SELECTOR = YES;
				GCC_WARN_UNINITIALIZED_AUTOS = YES_AGGRESSIVE;
				GCC_WARN_UNUSED_FUNCTION = YES;
				GCC_WARN_UNUSED_VARIABLE = YES;
				MACOSX_DEPLOYMENT_TARGET = 13.3;
				MTL_ENABLE_DEBUG_INFO = INCLUDE_SOURCE;
				MTL_FAST_MATH = YES;
				ONLY_ACTIVE_ARCH = YES;
				SDKROOT = macosx;
				SWIFT_ACTIVE_COMPILATION_CONDITIONS = DEBUG;
				SWIFT_OPTIMIZATION_LEVEL = "-Onone";
			};
			name = Debug;
		};
		9AE21C262B8254BA00D9CE46 /* Release */ = {
			isa = XCBuildConfiguration;
			buildSettings = {
				ALWAYS_SEARCH_USER_PATHS = NO;
				CLANG_ANALYZER_NONNULL = YES;
				CLANG_ANALYZER_NUMBER_OBJECT_CONVERSION = YES_AGGRESSIVE;
				CLANG_CXX_LANGUAGE_STANDARD = "gnu++20";
				CLANG_ENABLE_MODULES = YES;
				CLANG_ENABLE_OBJC_ARC = YES;
				CLANG_ENABLE_OBJC_WEAK = YES;
				CLANG_WARN_BLOCK_CAPTURE_AUTORELEASING = YES;
				CLANG_WARN_BOOL_CONVERSION = YES;
				CLANG_WARN_COMMA = YES;
				CLANG_WARN_CONSTANT_CONVERSION = YES;
				CLANG_WARN_DEPRECATED_OBJC_IMPLEMENTATIONS = YES;
				CLANG_WARN_DIRECT_OBJC_ISA_USAGE = YES_ERROR;
				CLANG_WARN_DOCUMENTATION_COMMENTS = YES;
				CLANG_WARN_EMPTY_BODY = YES;
				CLANG_WARN_ENUM_CONVERSION = YES;
				CLANG_WARN_INFINITE_RECURSION = YES;
				CLANG_WARN_INT_CONVERSION = YES;
				CLANG_WARN_NON_LITERAL_NULL_CONVERSION = YES;
				CLANG_WARN_OBJC_IMPLICIT_RETAIN_SELF = YES;
				CLANG_WARN_OBJC_LITERAL_CONVERSION = YES;
				CLANG_WARN_OBJC_ROOT_CLASS = YES_ERROR;
				CLANG_WARN_QUOTED_INCLUDE_IN_FRAMEWORK_HEADER = YES;
				CLANG_WARN_RANGE_LOOP_ANALYSIS = YES;
				CLANG_WARN_STRICT_PROTOTYPES = YES;
				CLANG_WARN_SUSPICIOUS_MOVE = YES;
				CLANG_WARN_UNGUARDED_AVAILABILITY = YES_AGGRESSIVE;
				CLANG_WARN_UNREACHABLE_CODE = YES;
				CLANG_WARN__DUPLICATE_METHOD_MATCH = YES;
				COPY_PHASE_STRIP = NO;
				DEBUG_INFORMATION_FORMAT = "dwarf-with-dsym";
				ENABLE_NS_ASSERTIONS = NO;
				ENABLE_STRICT_OBJC_MSGSEND = YES;
				GCC_C_LANGUAGE_STANDARD = gnu11;
				GCC_NO_COMMON_BLOCKS = YES;
				GCC_WARN_64_TO_32_BIT_CONVERSION = YES;
				GCC_WARN_ABOUT_RETURN_TYPE = YES_ERROR;
				GCC_WARN_UNDECLARED_SELECTOR = YES;
				GCC_WARN_UNINITIALIZED_AUTOS = YES_AGGRESSIVE;
				GCC_WARN_UNUSED_FUNCTION = YES;
				GCC_WARN_UNUSED_VARIABLE = YES;
				MACOSX_DEPLOYMENT_TARGET = 13.3;
				MTL_ENABLE_DEBUG_INFO = NO;
				MTL_FAST_MATH = YES;
				SDKROOT = macosx;
				SWIFT_COMPILATION_MODE = wholemodule;
				SWIFT_OPTIMIZATION_LEVEL = "-O";
			};
			name = Release;
		};
		9AE21C282B8254BA00D9CE46 /* Debug */ = {
			isa = XCBuildConfiguration;
			buildSettings = {
				ASSETCATALOG_COMPILER_APPICON_NAME = AppIcon;
				ASSETCATALOG_COMPILER_GLOBAL_ACCENT_COLOR_NAME = AccentColor;
				CODE_SIGN_ENTITLEMENTS = Reminders/Reminders.entitlements;
				CODE_SIGN_STYLE = Automatic;
				COMBINE_HIDPI_IMAGES = YES;
				CURRENT_PROJECT_VERSION = 1;
				DEVELOPMENT_ASSET_PATHS = "\"Reminders/Resources/Preview Content\"";
				DEVELOPMENT_TEAM = 4SZLS5SJ8N;
				ENABLE_HARDENED_RUNTIME = YES;
				ENABLE_PREVIEWS = YES;
				GENERATE_INFOPLIST_FILE = YES;
				INFOPLIST_KEY_NSHumanReadableCopyright = "";
				LD_RUNPATH_SEARCH_PATHS = (
					"$(inherited)",
					"@executable_path/../Frameworks",
				);
				MARKETING_VERSION = 1.0;
				PRODUCT_BUNDLE_IDENTIFIER = idkek.Reminders;
				PRODUCT_NAME = "$(TARGET_NAME)";
				SWIFT_EMIT_LOC_STRINGS = YES;
				SWIFT_VERSION = 5.0;
			};
			name = Debug;
		};
		9AE21C292B8254BA00D9CE46 /* Release */ = {
			isa = XCBuildConfiguration;
			buildSettings = {
				ASSETCATALOG_COMPILER_APPICON_NAME = AppIcon;
				ASSETCATALOG_COMPILER_GLOBAL_ACCENT_COLOR_NAME = AccentColor;
				CODE_SIGN_ENTITLEMENTS = Reminders/Reminders.entitlements;
				CODE_SIGN_STYLE = Automatic;
				COMBINE_HIDPI_IMAGES = YES;
				CURRENT_PROJECT_VERSION = 1;
				DEVELOPMENT_ASSET_PATHS = "\"Reminders/Resources/Preview Content\"";
				DEVELOPMENT_TEAM = 4SZLS5SJ8N;
				ENABLE_HARDENED_RUNTIME = YES;
				ENABLE_PREVIEWS = YES;
				GENERATE_INFOPLIST_FILE = YES;
				INFOPLIST_KEY_NSHumanReadableCopyright = "";
				LD_RUNPATH_SEARCH_PATHS = (
					"$(inherited)",
					"@executable_path/../Frameworks",
				);
				MARKETING_VERSION = 1.0;
				PRODUCT_BUNDLE_IDENTIFIER = idkek.Reminders;
				PRODUCT_NAME = "$(TARGET_NAME)";
				SWIFT_EMIT_LOC_STRINGS = YES;
				SWIFT_VERSION = 5.0;
			};
			name = Release;
		};
/* End XCBuildConfiguration section */

/* Begin XCConfigurationList section */
		9AE21C132B8254B900D9CE46 /* Build configuration list for PBXProject "Reminders" */ = {
			isa = XCConfigurationList;
			buildConfigurations = (
				9AE21C252B8254BA00D9CE46 /* Debug */,
				9AE21C262B8254BA00D9CE46 /* Release */,
			);
			defaultConfigurationIsVisible = 0;
			defaultConfigurationName = Release;
		};
		9AE21C272B8254BA00D9CE46 /* Build configuration list for PBXNativeTarget "Reminders" */ = {
			isa = XCConfigurationList;
			buildConfigurations = (
				9AE21C282B8254BA00D9CE46 /* Debug */,
				9AE21C292B8254BA00D9CE46 /* Release */,
			);
			defaultConfigurationIsVisible = 0;
			defaultConfigurationName = Release;
		};
/* End XCConfigurationList section */

/* Begin XCVersionGroup section */
		9AE21C302B825B1000D9CE46 /* RemindersModel.xcdatamodeld */ = {
			isa = XCVersionGroup;
			children = (
				9AE21C312B825B1000D9CE46 /* RemindersModel.xcdatamodel */,
			);
			currentVersion = 9AE21C312B825B1000D9CE46 /* RemindersModel.xcdatamodel */;
			path = RemindersModel.xcdatamodeld;
			sourceTree = "<group>";
			versionGroupType = wrapper.xcdatamodel;
		};
/* End XCVersionGroup section */
	};
	rootObject = 9AE21C102B8254B900D9CE46 /* Project object */;
}
